version = 1
revision = 1
requires-python = ">=3.13.1"

[[package]]
name = "httplib2"
version = "0.22.0"
source = { registry = "https://pypi.org/simple" }
dependencies = [
    { name = "pyparsing" },
]
sdist = { url = "https://files.pythonhosted.org/packages/3d/ad/2371116b22d616c194aa25ec410c9c6c37f23599dcd590502b74db197584/httplib2-0.22.0.tar.gz", hash = "sha256:d7a10bc5ef5ab08322488bde8c726eeee5c8618723fdb399597ec58f3d82df81", size = 351116 }
wheels = [
    { url = "https://files.pythonhosted.org/packages/a8/6c/d2fbdaaa5959339d53ba38e94c123e4e84b8fbc4b84beb0e70d7c1608486/httplib2-0.22.0-py3-none-any.whl", hash = "sha256:14ae0a53c1ba8f3d37e9e27cf37eabb0fb9980f435ba405d546948b009dd64dc", size = 96854 },
]

[[package]]
name = "plantuml"
version = "0.3.0"
source = { registry = "https://pypi.org/simple" }
dependencies = [
    { name = "httplib2" },
]
wheels = [
    { url = "https://files.pythonhosted.org/packages/a9/1a/4603314acf466fdad91b7f6c83eb1364a7e279f9a8805febe3554f17faf6/plantuml-0.3.0-py3-none-any.whl", hash = "sha256:f21789bc4abc3e8888d23a8fa010e942989f1a73d6e50e10a54688cbee52aa1c", size = 5777 },
]

[[package]]
name = "puml-to-svg"
version = "0.1.0"
source = { virtual = "." }
dependencies = [
    { name = "plantuml" },
]

[package.metadata]
requires-dist = [{ name = "plantuml", specifier = ">=0.3.0" }]

[[package]]
name = "pyparsing"
version = "3.2.1"
source = { registry = "https://pypi.org/simple" }
sdist = { url = "https://files.pythonhosted.org/packages/8b/1a/3544f4f299a47911c2ab3710f534e52fea62a633c96806995da5d25be4b2/pyparsing-3.2.1.tar.gz", hash = "sha256:61980854fd66de3a90028d679a954d5f2623e83144b5afe5ee86f43d762e5f0a", size = 1067694 }
wheels = [
    { url = "https://files.pythonhosted.org/packages/1c/a7/c8a2d361bf89c0d9577c934ebb7421b25dc84bf3a8e3ac0a40aed9acc547/pyparsing-3.2.1-py3-none-any.whl", hash = "sha256:506ff4f4386c4cec0590ec19e6302d3aedb992fdc02c761e90416f158dacf8e1", size = 107716 },
]
